
Microsoft Visual Studio Solution File, Format Version 12.00
# Visual Studio Version 17
VisualStudioVersion = 17.2.32630.192
MinimumVisualStudioVersion = 10.0.40219.1
Project("{9A19103F-16F7-4668-BE54-9A1E7A4F7556}") = "F10Y.L0035.Construction", "F10Y.L0035.Construction\F10Y.L0035.Construction.csproj", "{CBEA6AAC-48B4-4ED9-942E-53A3B88379BD}"
EndProject
Project("{9A19103F-16F7-4668-BE54-9A1E7A4F7556}") = "F10Y.L0035", "F10Y.L0035\F10Y.L0035.csproj", "{FBF48CC8-CAE2-4B7F-BBDA-5D9B7F29FB9E}"
EndProject
Project("{9A19103F-16F7-4668-BE54-9A1E7A4F7556}") = "F10Y.L0035.L000", "F10Y.L0035.L000\F10Y.L0035.L000.csproj", "{18A50AB9-C0E6-4FEB-82B0-B620D968D500}"
EndProject
Project("{2150E333-8FDC-42A3-9474-1A3956D46DE8}") = "_Dependencies", "_Dependencies", "{1E9E9172-F4FF-4A28-9B5F-04D1D5F1AF7D}"
EndProject
Project("{9A19103F-16F7-4668-BE54-9A1E7A4F7556}") = "F10Y.L0000", "..\..\F10Y.L0000\source\F10Y.L0000\F10Y.L0000.csproj", "{FE41B090-0D8E-42A3-9626-B8CB5A214B2D}"
EndProject
Project("{9A19103F-16F7-4668-BE54-9A1E7A4F7556}") = "F10Y.T0000", "..\..\F10Y.T0000\source\F10Y.T0000\F10Y.T0000.csproj", "{3D42E212-C531-4F92-8B17-CE6572A4A152}"
EndProject
Project("{9A19103F-16F7-4668-BE54-9A1E7A4F7556}") = "F10Y.T0001", "..\..\F10Y.T0001\source\F10Y.T0001\F10Y.T0001.csproj", "{C697E19F-3F40-4712-B6D7-75364D1D8406}"
EndProject
Project("{9A19103F-16F7-4668-BE54-9A1E7A4F7556}") = "F10Y.T0002", "..\..\F10Y.T0002\source\F10Y.T0002\F10Y.T0002.csproj", "{1CCAE18A-0D5F-4191-AAB8-B5C776C93E97}"
EndProject
Project("{9A19103F-16F7-4668-BE54-9A1E7A4F7556}") = "F10Y.T0003", "..\..\F10Y.T0003\source\F10Y.T0003\F10Y.T0003.csproj", "{6CCB3EDB-C427-4B69-BD0F-921037FF593C}"
EndProject
Project("{9A19103F-16F7-4668-BE54-9A1E7A4F7556}") = "F10Y.T0011", "..\..\F10Y.T0011\source\F10Y.T0011\F10Y.T0011.csproj", "{ABDABFF6-35C0-4CFF-92FA-E351D620B1F4}"
EndProject
Project("{9A19103F-16F7-4668-BE54-9A1E7A4F7556}") = "F10Y.Y0000", "..\..\F10Y.Y0000\source\F10Y.Y0000\F10Y.Y0000.csproj", "{0929F9AA-E980-4EED-B021-EC6BFBAF55D4}"
EndProject
Project("{9A19103F-16F7-4668-BE54-9A1E7A4F7556}") = "F10Y.NG0009", "..\..\F10Y.NG0009\source\F10Y.NG0009\F10Y.NG0009.csproj", "{CC95BFB1-37BC-499E-915E-D12AB2403AF1}"
EndProject
Project("{9A19103F-16F7-4668-BE54-9A1E7A4F7556}") = "F10Y.T0004", "..\..\F10Y.T0004\source\F10Y.T0004\F10Y.T0004.csproj", "{A6CBA1A9-80F3-4A33-8C8D-ADA6B9470C2E}"
EndProject
Project("{9A19103F-16F7-4668-BE54-9A1E7A4F7556}") = "F10Y.L0003.L001", "..\..\F10Y.L0003\source\F10Y.L0003.L001\F10Y.L0003.L001.csproj", "{53D98A04-D40D-49C7-9DB9-6FC3B899C1B9}"
EndProject
Project("{9A19103F-16F7-4668-BE54-9A1E7A4F7556}") = "F10Y.L0003", "..\..\F10Y.L0003\source\F10Y.L0003\F10Y.L0003.csproj", "{F661F3DA-22B7-4981-AC03-18089B997425}"
EndProject
Project("{9A19103F-16F7-4668-BE54-9A1E7A4F7556}") = "F10Y.T0015", "..\..\F10Y.T0015\source\F10Y.T0015\F10Y.T0015.csproj", "{AA8CD55A-6AC3-4327-87DE-2EACDE788AF9}"
EndProject
Project("{9A19103F-16F7-4668-BE54-9A1E7A4F7556}") = "F10Y.L0001.L000", "..\..\F10Y.L0001\source\F10Y.L0001.L000\F10Y.L0001.L000.csproj", "{13ACFD39-C8CF-4D64-B370-CD1EF89B4DDE}"
EndProject
Project("{9A19103F-16F7-4668-BE54-9A1E7A4F7556}") = "F10Y.L0001.X000", "..\..\F10Y.L0001\source\F10Y.L0001.X000\F10Y.L0001.X000.csproj", "{2C4EF74A-495F-46A5-8FF1-C578C794FB48}"
EndProject
Project("{9A19103F-16F7-4668-BE54-9A1E7A4F7556}") = "F10Y.T0016", "..\..\F10Y.T0016\source\F10Y.T0016\F10Y.T0016.csproj", "{DF9A72ED-CFC3-42E3-988D-33114156EB93}"
EndProject
Global
	GlobalSection(NestedProjects) = preSolution
		{FE41B090-0D8E-42A3-9626-B8CB5A214B2D} = {1E9E9172-F4FF-4A28-9B5F-04D1D5F1AF7D}
		{3D42E212-C531-4F92-8B17-CE6572A4A152} = {1E9E9172-F4FF-4A28-9B5F-04D1D5F1AF7D}
		{C697E19F-3F40-4712-B6D7-75364D1D8406} = {1E9E9172-F4FF-4A28-9B5F-04D1D5F1AF7D}
		{1CCAE18A-0D5F-4191-AAB8-B5C776C93E97} = {1E9E9172-F4FF-4A28-9B5F-04D1D5F1AF7D}
		{6CCB3EDB-C427-4B69-BD0F-921037FF593C} = {1E9E9172-F4FF-4A28-9B5F-04D1D5F1AF7D}
		{ABDABFF6-35C0-4CFF-92FA-E351D620B1F4} = {1E9E9172-F4FF-4A28-9B5F-04D1D5F1AF7D}
		{0929F9AA-E980-4EED-B021-EC6BFBAF55D4} = {1E9E9172-F4FF-4A28-9B5F-04D1D5F1AF7D}
		{CC95BFB1-37BC-499E-915E-D12AB2403AF1} = {1E9E9172-F4FF-4A28-9B5F-04D1D5F1AF7D}
		{A6CBA1A9-80F3-4A33-8C8D-ADA6B9470C2E} = {1E9E9172-F4FF-4A28-9B5F-04D1D5F1AF7D}
		{53D98A04-D40D-49C7-9DB9-6FC3B899C1B9} = {1E9E9172-F4FF-4A28-9B5F-04D1D5F1AF7D}
		{F661F3DA-22B7-4981-AC03-18089B997425} = {1E9E9172-F4FF-4A28-9B5F-04D1D5F1AF7D}
		{AA8CD55A-6AC3-4327-87DE-2EACDE788AF9} = {1E9E9172-F4FF-4A28-9B5F-04D1D5F1AF7D}
		{13ACFD39-C8CF-4D64-B370-CD1EF89B4DDE} = {1E9E9172-F4FF-4A28-9B5F-04D1D5F1AF7D}
		{2C4EF74A-495F-46A5-8FF1-C578C794FB48} = {1E9E9172-F4FF-4A28-9B5F-04D1D5F1AF7D}
		{DF9A72ED-CFC3-42E3-988D-33114156EB93} = {1E9E9172-F4FF-4A28-9B5F-04D1D5F1AF7D}
	EndGlobalSection
	GlobalSection(SolutionConfigurationPlatforms) = preSolution
		Debug|Any CPU = Debug|Any CPU
		Release|Any CPU = Release|Any CPU
	EndGlobalSection
	GlobalSection(ProjectConfigurationPlatforms) = postSolution
		{CBEA6AAC-48B4-4ED9-942E-53A3B88379BD}.Debug|Any CPU.ActiveCfg = Debug|Any CPU
		{CBEA6AAC-48B4-4ED9-942E-53A3B88379BD}.Debug|Any CPU.Build.0 = Debug|Any CPU
		{CBEA6AAC-48B4-4ED9-942E-53A3B88379BD}.Release|Any CPU.ActiveCfg = Release|Any CPU
		{CBEA6AAC-48B4-4ED9-942E-53A3B88379BD}.Release|Any CPU.Build.0 = Release|Any CPU
		{FBF48CC8-CAE2-4B7F-BBDA-5D9B7F29FB9E}.Debug|Any CPU.ActiveCfg = Debug|Any CPU
		{FBF48CC8-CAE2-4B7F-BBDA-5D9B7F29FB9E}.Debug|Any CPU.Build.0 = Debug|Any CPU
		{FBF48CC8-CAE2-4B7F-BBDA-5D9B7F29FB9E}.Release|Any CPU.ActiveCfg = Release|Any CPU
		{FBF48CC8-CAE2-4B7F-BBDA-5D9B7F29FB9E}.Release|Any CPU.Build.0 = Release|Any CPU
		{18A50AB9-C0E6-4FEB-82B0-B620D968D500}.Debug|Any CPU.ActiveCfg = Debug|Any CPU
		{18A50AB9-C0E6-4FEB-82B0-B620D968D500}.Debug|Any CPU.Build.0 = Debug|Any CPU
		{18A50AB9-C0E6-4FEB-82B0-B620D968D500}.Release|Any CPU.ActiveCfg = Release|Any CPU
		{18A50AB9-C0E6-4FEB-82B0-B620D968D500}.Release|Any CPU.Build.0 = Release|Any CPU
		{FE41B090-0D8E-42A3-9626-B8CB5A214B2D}.Debug|Any CPU.ActiveCfg = Debug|Any CPU
		{FE41B090-0D8E-42A3-9626-B8CB5A214B2D}.Debug|Any CPU.Build.0 = Debug|Any CPU
		{FE41B090-0D8E-42A3-9626-B8CB5A214B2D}.Release|Any CPU.ActiveCfg = Release|Any CPU
		{FE41B090-0D8E-42A3-9626-B8CB5A214B2D}.Release|Any CPU.Build.0 = Release|Any CPU
		{3D42E212-C531-4F92-8B17-CE6572A4A152}.Debug|Any CPU.ActiveCfg = Debug|Any CPU
		{3D42E212-C531-4F92-8B17-CE6572A4A152}.Debug|Any CPU.Build.0 = Debug|Any CPU
		{3D42E212-C531-4F92-8B17-CE6572A4A152}.Release|Any CPU.ActiveCfg = Release|Any CPU
		{3D42E212-C531-4F92-8B17-CE6572A4A152}.Release|Any CPU.Build.0 = Release|Any CPU
		{C697E19F-3F40-4712-B6D7-75364D1D8406}.Debug|Any CPU.ActiveCfg = Debug|Any CPU
		{C697E19F-3F40-4712-B6D7-75364D1D8406}.Debug|Any CPU.Build.0 = Debug|Any CPU
		{C697E19F-3F40-4712-B6D7-75364D1D8406}.Release|Any CPU.ActiveCfg = Release|Any CPU
		{C697E19F-3F40-4712-B6D7-75364D1D8406}.Release|Any CPU.Build.0 = Release|Any CPU
		{1CCAE18A-0D5F-4191-AAB8-B5C776C93E97}.Debug|Any CPU.ActiveCfg = Debug|Any CPU
		{1CCAE18A-0D5F-4191-AAB8-B5C776C93E97}.Debug|Any CPU.Build.0 = Debug|Any CPU
		{1CCAE18A-0D5F-4191-AAB8-B5C776C93E97}.Release|Any CPU.ActiveCfg = Release|Any CPU
		{1CCAE18A-0D5F-4191-AAB8-B5C776C93E97}.Release|Any CPU.Build.0 = Release|Any CPU
		{6CCB3EDB-C427-4B69-BD0F-921037FF593C}.Debug|Any CPU.ActiveCfg = Debug|Any CPU
		{6CCB3EDB-C427-4B69-BD0F-921037FF593C}.Debug|Any CPU.Build.0 = Debug|Any CPU
		{6CCB3EDB-C427-4B69-BD0F-921037FF593C}.Release|Any CPU.ActiveCfg = Release|Any CPU
		{6CCB3EDB-C427-4B69-BD0F-921037FF593C}.Release|Any CPU.Build.0 = Release|Any CPU
		{ABDABFF6-35C0-4CFF-92FA-E351D620B1F4}.Debug|Any CPU.ActiveCfg = Debug|Any CPU
		{ABDABFF6-35C0-4CFF-92FA-E351D620B1F4}.Debug|Any CPU.Build.0 = Debug|Any CPU
		{ABDABFF6-35C0-4CFF-92FA-E351D620B1F4}.Release|Any CPU.ActiveCfg = Release|Any CPU
		{ABDABFF6-35C0-4CFF-92FA-E351D620B1F4}.Release|Any CPU.Build.0 = Release|Any CPU
		{0929F9AA-E980-4EED-B021-EC6BFBAF55D4}.Debug|Any CPU.ActiveCfg = Debug|Any CPU
		{0929F9AA-E980-4EED-B021-EC6BFBAF55D4}.Debug|Any CPU.Build.0 = Debug|Any CPU
		{0929F9AA-E980-4EED-B021-EC6BFBAF55D4}.Release|Any CPU.ActiveCfg = Release|Any CPU
		{0929F9AA-E980-4EED-B021-EC6BFBAF55D4}.Release|Any CPU.Build.0 = Release|Any CPU
		{CC95BFB1-37BC-499E-915E-D12AB2403AF1}.Debug|Any CPU.ActiveCfg = Debug|Any CPU
		{CC95BFB1-37BC-499E-915E-D12AB2403AF1}.Debug|Any CPU.Build.0 = Debug|Any CPU
		{CC95BFB1-37BC-499E-915E-D12AB2403AF1}.Release|Any CPU.ActiveCfg = Release|Any CPU
		{CC95BFB1-37BC-499E-915E-D12AB2403AF1}.Release|Any CPU.Build.0 = Release|Any CPU
		{A6CBA1A9-80F3-4A33-8C8D-ADA6B9470C2E}.Debug|Any CPU.ActiveCfg = Debug|Any CPU
		{A6CBA1A9-80F3-4A33-8C8D-ADA6B9470C2E}.Debug|Any CPU.Build.0 = Debug|Any CPU
		{A6CBA1A9-80F3-4A33-8C8D-ADA6B9470C2E}.Release|Any CPU.ActiveCfg = Release|Any CPU
		{A6CBA1A9-80F3-4A33-8C8D-ADA6B9470C2E}.Release|Any CPU.Build.0 = Release|Any CPU
		{53D98A04-D40D-49C7-9DB9-6FC3B899C1B9}.Debug|Any CPU.ActiveCfg = Debug|Any CPU
		{53D98A04-D40D-49C7-9DB9-6FC3B899C1B9}.Debug|Any CPU.Build.0 = Debug|Any CPU
		{53D98A04-D40D-49C7-9DB9-6FC3B899C1B9}.Release|Any CPU.ActiveCfg = Release|Any CPU
		{53D98A04-D40D-49C7-9DB9-6FC3B899C1B9}.Release|Any CPU.Build.0 = Release|Any CPU
		{F661F3DA-22B7-4981-AC03-18089B997425}.Debug|Any CPU.ActiveCfg = Debug|Any CPU
		{F661F3DA-22B7-4981-AC03-18089B997425}.Debug|Any CPU.Build.0 = Debug|Any CPU
		{F661F3DA-22B7-4981-AC03-18089B997425}.Release|Any CPU.ActiveCfg = Release|Any CPU
		{F661F3DA-22B7-4981-AC03-18089B997425}.Release|Any CPU.Build.0 = Release|Any CPU
		{AA8CD55A-6AC3-4327-87DE-2EACDE788AF9}.Debug|Any CPU.ActiveCfg = Debug|Any CPU
		{AA8CD55A-6AC3-4327-87DE-2EACDE788AF9}.Debug|Any CPU.Build.0 = Debug|Any CPU
		{AA8CD55A-6AC3-4327-87DE-2EACDE788AF9}.Release|Any CPU.ActiveCfg = Release|Any CPU
		{AA8CD55A-6AC3-4327-87DE-2EACDE788AF9}.Release|Any CPU.Build.0 = Release|Any CPU
		{13ACFD39-C8CF-4D64-B370-CD1EF89B4DDE}.Debug|Any CPU.ActiveCfg = Debug|Any CPU
		{13ACFD39-C8CF-4D64-B370-CD1EF89B4DDE}.Debug|Any CPU.Build.0 = Debug|Any CPU
		{13ACFD39-C8CF-4D64-B370-CD1EF89B4DDE}.Release|Any CPU.ActiveCfg = Release|Any CPU
		{13ACFD39-C8CF-4D64-B370-CD1EF89B4DDE}.Release|Any CPU.Build.0 = Release|Any CPU
		{2C4EF74A-495F-46A5-8FF1-C578C794FB48}.Debug|Any CPU.ActiveCfg = Debug|Any CPU
		{2C4EF74A-495F-46A5-8FF1-C578C794FB48}.Debug|Any CPU.Build.0 = Debug|Any CPU
		{2C4EF74A-495F-46A5-8FF1-C578C794FB48}.Release|Any CPU.ActiveCfg = Release|Any CPU
		{2C4EF74A-495F-46A5-8FF1-C578C794FB48}.Release|Any CPU.Build.0 = Release|Any CPU
		{DF9A72ED-CFC3-42E3-988D-33114156EB93}.Debug|Any CPU.ActiveCfg = Debug|Any CPU
		{DF9A72ED-CFC3-42E3-988D-33114156EB93}.Debug|Any CPU.Build.0 = Debug|Any CPU
		{DF9A72ED-CFC3-42E3-988D-33114156EB93}.Release|Any CPU.ActiveCfg = Release|Any CPU
		{DF9A72ED-CFC3-42E3-988D-33114156EB93}.Release|Any CPU.Build.0 = Release|Any CPU
	EndGlobalSection
	GlobalSection(SolutionProperties) = preSolution
		HideSolutionNode = FALSE
	EndGlobalSection
	GlobalSection(ExtensibilityGlobals) = postSolution
		SolutionGuid = {236DF117-6878-44AB-8936-1FC60F0C7F59}
	EndGlobalSection
EndGlobal
