
Microsoft Visual Studio Solution File, Format Version 12.00
# Visual Studio Version 17
VisualStudioVersion = 17.2.32630.192
MinimumVisualStudioVersion = 10.0.40219.1
Project("{9A19103F-16F7-4668-BE54-9A1E7A4F7556}") = "F10Y.L0035", "F10Y.L0035\F10Y.L0035.csproj", "{F853FB42-C1B4-46EB-9DF1-471BA203C9C0}"
EndProject
Project("{2150E333-8FDC-42A3-9474-1A3956D46DE8}") = "_Dependencies", "_Dependencies", "{43C7B987-BD96-4318-8BA4-AF3B27EE022B}"
EndProject
Project("{9A19103F-16F7-4668-BE54-9A1E7A4F7556}") = "F10Y.T0000", "..\..\F10Y.T0000\source\F10Y.T0000\F10Y.T0000.csproj", "{4E8A6BBD-232C-4FE7-8B35-F931009E90E3}"
EndProject
Project("{9A19103F-16F7-4668-BE54-9A1E7A4F7556}") = "F10Y.T0015", "..\..\F10Y.T0015\source\F10Y.T0015\F10Y.T0015.csproj", "{85ADB676-5322-4E77-A1E0-AAAA6858D5A3}"
EndProject
Project("{9A19103F-16F7-4668-BE54-9A1E7A4F7556}") = "F10Y.L0000", "..\..\F10Y.L0000\source\F10Y.L0000\F10Y.L0000.csproj", "{258AFD72-C120-4416-B05D-FEF0B9E16B31}"
EndProject
Project("{9A19103F-16F7-4668-BE54-9A1E7A4F7556}") = "F10Y.L0001.L000", "..\..\F10Y.L0001\source\F10Y.L0001.L000\F10Y.L0001.L000.csproj", "{CAA7BEA5-FDCF-4587-9398-6C492D518803}"
EndProject
Project("{9A19103F-16F7-4668-BE54-9A1E7A4F7556}") = "F10Y.L0001.X000", "..\..\F10Y.L0001\source\F10Y.L0001.X000\F10Y.L0001.X000.csproj", "{FBE42495-E987-4F2B-B6FD-715576385EED}"
EndProject
Project("{9A19103F-16F7-4668-BE54-9A1E7A4F7556}") = "F10Y.L0003.L001", "..\..\F10Y.L0003\source\F10Y.L0003.L001\F10Y.L0003.L001.csproj", "{CF18AC1E-0E41-4AF0-9BE4-0B8D71017DCB}"
EndProject
Project("{9A19103F-16F7-4668-BE54-9A1E7A4F7556}") = "F10Y.L0003", "..\..\F10Y.L0003\source\F10Y.L0003\F10Y.L0003.csproj", "{F299F21B-1D56-4143-95A8-6650BA38DDAC}"
EndProject
Project("{9A19103F-16F7-4668-BE54-9A1E7A4F7556}") = "F10Y.L0035.L000", "F10Y.L0035.L000\F10Y.L0035.L000.csproj", "{C8357F6C-E779-474E-AEC2-2617754547CC}"
EndProject
Project("{9A19103F-16F7-4668-BE54-9A1E7A4F7556}") = "F10Y.NG0009", "..\..\F10Y.NG0009\source\F10Y.NG0009\F10Y.NG0009.csproj", "{47746D6C-5252-4D48-8FBE-20C81160A3B6}"
EndProject
Project("{9A19103F-16F7-4668-BE54-9A1E7A4F7556}") = "F10Y.T0001", "..\..\F10Y.T0001\source\F10Y.T0001\F10Y.T0001.csproj", "{B7C05AD6-BB1A-4878-9C19-0F38E1BAFFA6}"
EndProject
Project("{9A19103F-16F7-4668-BE54-9A1E7A4F7556}") = "F10Y.T0002", "..\..\F10Y.T0002\source\F10Y.T0002\F10Y.T0002.csproj", "{2A8C395F-0F8C-44AE-81AE-CD603453FA9B}"
EndProject
Project("{9A19103F-16F7-4668-BE54-9A1E7A4F7556}") = "F10Y.T0003", "..\..\F10Y.T0003\source\F10Y.T0003\F10Y.T0003.csproj", "{C64C003E-8239-41B1-909A-C5E252EA2FC3}"
EndProject
Project("{9A19103F-16F7-4668-BE54-9A1E7A4F7556}") = "F10Y.T0004", "..\..\F10Y.T0004\source\F10Y.T0004\F10Y.T0004.csproj", "{E6AF72DD-6BED-4E7C-BCF1-B52E105E81E8}"
EndProject
Project("{9A19103F-16F7-4668-BE54-9A1E7A4F7556}") = "F10Y.T0011", "..\..\F10Y.T0011\source\F10Y.T0011\F10Y.T0011.csproj", "{14DE4F00-4227-4613-B821-523F8CCA8B6E}"
EndProject
Project("{9A19103F-16F7-4668-BE54-9A1E7A4F7556}") = "F10Y.Y0000", "..\..\F10Y.Y0000\source\F10Y.Y0000\F10Y.Y0000.csproj", "{8380C784-557F-4931-9EC2-A4F8C603FA7C}"
EndProject
Project("{9A19103F-16F7-4668-BE54-9A1E7A4F7556}") = "F10Y.T0016", "..\..\F10Y.T0016\source\F10Y.T0016\F10Y.T0016.csproj", "{325B65B8-D5CE-48CA-ABD9-FE4BF87CF33E}"
EndProject
Global
	GlobalSection(NestedProjects) = preSolution
		{4E8A6BBD-232C-4FE7-8B35-F931009E90E3} = {43C7B987-BD96-4318-8BA4-AF3B27EE022B}
		{85ADB676-5322-4E77-A1E0-AAAA6858D5A3} = {43C7B987-BD96-4318-8BA4-AF3B27EE022B}
		{258AFD72-C120-4416-B05D-FEF0B9E16B31} = {43C7B987-BD96-4318-8BA4-AF3B27EE022B}
		{CAA7BEA5-FDCF-4587-9398-6C492D518803} = {43C7B987-BD96-4318-8BA4-AF3B27EE022B}
		{FBE42495-E987-4F2B-B6FD-715576385EED} = {43C7B987-BD96-4318-8BA4-AF3B27EE022B}
		{CF18AC1E-0E41-4AF0-9BE4-0B8D71017DCB} = {43C7B987-BD96-4318-8BA4-AF3B27EE022B}
		{F299F21B-1D56-4143-95A8-6650BA38DDAC} = {43C7B987-BD96-4318-8BA4-AF3B27EE022B}
		{C8357F6C-E779-474E-AEC2-2617754547CC} = {43C7B987-BD96-4318-8BA4-AF3B27EE022B}
		{47746D6C-5252-4D48-8FBE-20C81160A3B6} = {43C7B987-BD96-4318-8BA4-AF3B27EE022B}
		{B7C05AD6-BB1A-4878-9C19-0F38E1BAFFA6} = {43C7B987-BD96-4318-8BA4-AF3B27EE022B}
		{2A8C395F-0F8C-44AE-81AE-CD603453FA9B} = {43C7B987-BD96-4318-8BA4-AF3B27EE022B}
		{C64C003E-8239-41B1-909A-C5E252EA2FC3} = {43C7B987-BD96-4318-8BA4-AF3B27EE022B}
		{E6AF72DD-6BED-4E7C-BCF1-B52E105E81E8} = {43C7B987-BD96-4318-8BA4-AF3B27EE022B}
		{14DE4F00-4227-4613-B821-523F8CCA8B6E} = {43C7B987-BD96-4318-8BA4-AF3B27EE022B}
		{8380C784-557F-4931-9EC2-A4F8C603FA7C} = {43C7B987-BD96-4318-8BA4-AF3B27EE022B}
		{325B65B8-D5CE-48CA-ABD9-FE4BF87CF33E} = {43C7B987-BD96-4318-8BA4-AF3B27EE022B}
	EndGlobalSection
	GlobalSection(SolutionConfigurationPlatforms) = preSolution
		Debug|Any CPU = Debug|Any CPU
		Release|Any CPU = Release|Any CPU
	EndGlobalSection
	GlobalSection(ProjectConfigurationPlatforms) = postSolution
		{F853FB42-C1B4-46EB-9DF1-471BA203C9C0}.Debug|Any CPU.ActiveCfg = Debug|Any CPU
		{F853FB42-C1B4-46EB-9DF1-471BA203C9C0}.Debug|Any CPU.Build.0 = Debug|Any CPU
		{F853FB42-C1B4-46EB-9DF1-471BA203C9C0}.Release|Any CPU.ActiveCfg = Release|Any CPU
		{F853FB42-C1B4-46EB-9DF1-471BA203C9C0}.Release|Any CPU.Build.0 = Release|Any CPU
		{4E8A6BBD-232C-4FE7-8B35-F931009E90E3}.Debug|Any CPU.ActiveCfg = Debug|Any CPU
		{4E8A6BBD-232C-4FE7-8B35-F931009E90E3}.Debug|Any CPU.Build.0 = Debug|Any CPU
		{4E8A6BBD-232C-4FE7-8B35-F931009E90E3}.Release|Any CPU.ActiveCfg = Release|Any CPU
		{4E8A6BBD-232C-4FE7-8B35-F931009E90E3}.Release|Any CPU.Build.0 = Release|Any CPU
		{85ADB676-5322-4E77-A1E0-AAAA6858D5A3}.Debug|Any CPU.ActiveCfg = Debug|Any CPU
		{85ADB676-5322-4E77-A1E0-AAAA6858D5A3}.Debug|Any CPU.Build.0 = Debug|Any CPU
		{85ADB676-5322-4E77-A1E0-AAAA6858D5A3}.Release|Any CPU.ActiveCfg = Release|Any CPU
		{85ADB676-5322-4E77-A1E0-AAAA6858D5A3}.Release|Any CPU.Build.0 = Release|Any CPU
		{258AFD72-C120-4416-B05D-FEF0B9E16B31}.Debug|Any CPU.ActiveCfg = Debug|Any CPU
		{258AFD72-C120-4416-B05D-FEF0B9E16B31}.Debug|Any CPU.Build.0 = Debug|Any CPU
		{258AFD72-C120-4416-B05D-FEF0B9E16B31}.Release|Any CPU.ActiveCfg = Release|Any CPU
		{258AFD72-C120-4416-B05D-FEF0B9E16B31}.Release|Any CPU.Build.0 = Release|Any CPU
		{CAA7BEA5-FDCF-4587-9398-6C492D518803}.Debug|Any CPU.ActiveCfg = Debug|Any CPU
		{CAA7BEA5-FDCF-4587-9398-6C492D518803}.Debug|Any CPU.Build.0 = Debug|Any CPU
		{CAA7BEA5-FDCF-4587-9398-6C492D518803}.Release|Any CPU.ActiveCfg = Release|Any CPU
		{CAA7BEA5-FDCF-4587-9398-6C492D518803}.Release|Any CPU.Build.0 = Release|Any CPU
		{FBE42495-E987-4F2B-B6FD-715576385EED}.Debug|Any CPU.ActiveCfg = Debug|Any CPU
		{FBE42495-E987-4F2B-B6FD-715576385EED}.Debug|Any CPU.Build.0 = Debug|Any CPU
		{FBE42495-E987-4F2B-B6FD-715576385EED}.Release|Any CPU.ActiveCfg = Release|Any CPU
		{FBE42495-E987-4F2B-B6FD-715576385EED}.Release|Any CPU.Build.0 = Release|Any CPU
		{CF18AC1E-0E41-4AF0-9BE4-0B8D71017DCB}.Debug|Any CPU.ActiveCfg = Debug|Any CPU
		{CF18AC1E-0E41-4AF0-9BE4-0B8D71017DCB}.Debug|Any CPU.Build.0 = Debug|Any CPU
		{CF18AC1E-0E41-4AF0-9BE4-0B8D71017DCB}.Release|Any CPU.ActiveCfg = Release|Any CPU
		{CF18AC1E-0E41-4AF0-9BE4-0B8D71017DCB}.Release|Any CPU.Build.0 = Release|Any CPU
		{F299F21B-1D56-4143-95A8-6650BA38DDAC}.Debug|Any CPU.ActiveCfg = Debug|Any CPU
		{F299F21B-1D56-4143-95A8-6650BA38DDAC}.Debug|Any CPU.Build.0 = Debug|Any CPU
		{F299F21B-1D56-4143-95A8-6650BA38DDAC}.Release|Any CPU.ActiveCfg = Release|Any CPU
		{F299F21B-1D56-4143-95A8-6650BA38DDAC}.Release|Any CPU.Build.0 = Release|Any CPU
		{C8357F6C-E779-474E-AEC2-2617754547CC}.Debug|Any CPU.ActiveCfg = Debug|Any CPU
		{C8357F6C-E779-474E-AEC2-2617754547CC}.Debug|Any CPU.Build.0 = Debug|Any CPU
		{C8357F6C-E779-474E-AEC2-2617754547CC}.Release|Any CPU.ActiveCfg = Release|Any CPU
		{C8357F6C-E779-474E-AEC2-2617754547CC}.Release|Any CPU.Build.0 = Release|Any CPU
		{47746D6C-5252-4D48-8FBE-20C81160A3B6}.Debug|Any CPU.ActiveCfg = Debug|Any CPU
		{47746D6C-5252-4D48-8FBE-20C81160A3B6}.Debug|Any CPU.Build.0 = Debug|Any CPU
		{47746D6C-5252-4D48-8FBE-20C81160A3B6}.Release|Any CPU.ActiveCfg = Release|Any CPU
		{47746D6C-5252-4D48-8FBE-20C81160A3B6}.Release|Any CPU.Build.0 = Release|Any CPU
		{B7C05AD6-BB1A-4878-9C19-0F38E1BAFFA6}.Debug|Any CPU.ActiveCfg = Debug|Any CPU
		{B7C05AD6-BB1A-4878-9C19-0F38E1BAFFA6}.Debug|Any CPU.Build.0 = Debug|Any CPU
		{B7C05AD6-BB1A-4878-9C19-0F38E1BAFFA6}.Release|Any CPU.ActiveCfg = Release|Any CPU
		{B7C05AD6-BB1A-4878-9C19-0F38E1BAFFA6}.Release|Any CPU.Build.0 = Release|Any CPU
		{2A8C395F-0F8C-44AE-81AE-CD603453FA9B}.Debug|Any CPU.ActiveCfg = Debug|Any CPU
		{2A8C395F-0F8C-44AE-81AE-CD603453FA9B}.Debug|Any CPU.Build.0 = Debug|Any CPU
		{2A8C395F-0F8C-44AE-81AE-CD603453FA9B}.Release|Any CPU.ActiveCfg = Release|Any CPU
		{2A8C395F-0F8C-44AE-81AE-CD603453FA9B}.Release|Any CPU.Build.0 = Release|Any CPU
		{C64C003E-8239-41B1-909A-C5E252EA2FC3}.Debug|Any CPU.ActiveCfg = Debug|Any CPU
		{C64C003E-8239-41B1-909A-C5E252EA2FC3}.Debug|Any CPU.Build.0 = Debug|Any CPU
		{C64C003E-8239-41B1-909A-C5E252EA2FC3}.Release|Any CPU.ActiveCfg = Release|Any CPU
		{C64C003E-8239-41B1-909A-C5E252EA2FC3}.Release|Any CPU.Build.0 = Release|Any CPU
		{E6AF72DD-6BED-4E7C-BCF1-B52E105E81E8}.Debug|Any CPU.ActiveCfg = Debug|Any CPU
		{E6AF72DD-6BED-4E7C-BCF1-B52E105E81E8}.Debug|Any CPU.Build.0 = Debug|Any CPU
		{E6AF72DD-6BED-4E7C-BCF1-B52E105E81E8}.Release|Any CPU.ActiveCfg = Release|Any CPU
		{E6AF72DD-6BED-4E7C-BCF1-B52E105E81E8}.Release|Any CPU.Build.0 = Release|Any CPU
		{14DE4F00-4227-4613-B821-523F8CCA8B6E}.Debug|Any CPU.ActiveCfg = Debug|Any CPU
		{14DE4F00-4227-4613-B821-523F8CCA8B6E}.Debug|Any CPU.Build.0 = Debug|Any CPU
		{14DE4F00-4227-4613-B821-523F8CCA8B6E}.Release|Any CPU.ActiveCfg = Release|Any CPU
		{14DE4F00-4227-4613-B821-523F8CCA8B6E}.Release|Any CPU.Build.0 = Release|Any CPU
		{8380C784-557F-4931-9EC2-A4F8C603FA7C}.Debug|Any CPU.ActiveCfg = Debug|Any CPU
		{8380C784-557F-4931-9EC2-A4F8C603FA7C}.Debug|Any CPU.Build.0 = Debug|Any CPU
		{8380C784-557F-4931-9EC2-A4F8C603FA7C}.Release|Any CPU.ActiveCfg = Release|Any CPU
		{8380C784-557F-4931-9EC2-A4F8C603FA7C}.Release|Any CPU.Build.0 = Release|Any CPU
		{325B65B8-D5CE-48CA-ABD9-FE4BF87CF33E}.Debug|Any CPU.ActiveCfg = Debug|Any CPU
		{325B65B8-D5CE-48CA-ABD9-FE4BF87CF33E}.Debug|Any CPU.Build.0 = Debug|Any CPU
		{325B65B8-D5CE-48CA-ABD9-FE4BF87CF33E}.Release|Any CPU.ActiveCfg = Release|Any CPU
		{325B65B8-D5CE-48CA-ABD9-FE4BF87CF33E}.Release|Any CPU.Build.0 = Release|Any CPU
	EndGlobalSection
	GlobalSection(SolutionProperties) = preSolution
		HideSolutionNode = FALSE
	EndGlobalSection
	GlobalSection(ExtensibilityGlobals) = postSolution
		SolutionGuid = {79D44C38-EF2E-484D-A8D7-D0F85253C2ED}
	EndGlobalSection
EndGlobal
