
Microsoft Visual Studio Solution File, Format Version 12.00
# Visual Studio Version 17
VisualStudioVersion = 17.2.32630.192
MinimumVisualStudioVersion = 10.0.40219.1
Project("{9A19103F-16F7-4668-BE54-9A1E7A4F7556}") = "F10Y.L0035.Construction", "F10Y.L0035.Construction\F10Y.L0035.Construction.csproj", "{CBEA6AAC-48B4-4ED9-942E-53A3B88379BD}"
EndProject
Project("{9A19103F-16F7-4668-BE54-9A1E7A4F7556}") = "F10Y.L0035", "F10Y.L0035\F10Y.L0035.csproj", "{FBF48CC8-CAE2-4B7F-BBDA-5D9B7F29FB9E}"
EndProject
Global
	GlobalSection(SolutionConfigurationPlatforms) = preSolution
		Debug|Any CPU = Debug|Any CPU
		Release|Any CPU = Release|Any CPU
	EndGlobalSection
	GlobalSection(ProjectConfigurationPlatforms) = postSolution
		{CBEA6AAC-48B4-4ED9-942E-53A3B88379BD}.Debug|Any CPU.ActiveCfg = Debug|Any CPU
		{CBEA6AAC-48B4-4ED9-942E-53A3B88379BD}.Debug|Any CPU.Build.0 = Debug|Any CPU
		{CBEA6AAC-48B4-4ED9-942E-53A3B88379BD}.Release|Any CPU.ActiveCfg = Release|Any CPU
		{CBEA6AAC-48B4-4ED9-942E-53A3B88379BD}.Release|Any CPU.Build.0 = Release|Any CPU
		{FBF48CC8-CAE2-4B7F-BBDA-5D9B7F29FB9E}.Debug|Any CPU.ActiveCfg = Debug|Any CPU
		{FBF48CC8-CAE2-4B7F-BBDA-5D9B7F29FB9E}.Debug|Any CPU.Build.0 = Debug|Any CPU
		{FBF48CC8-CAE2-4B7F-BBDA-5D9B7F29FB9E}.Release|Any CPU.ActiveCfg = Release|Any CPU
		{FBF48CC8-CAE2-4B7F-BBDA-5D9B7F29FB9E}.Release|Any CPU.Build.0 = Release|Any CPU
	EndGlobalSection
	GlobalSection(SolutionProperties) = preSolution
		HideSolutionNode = FALSE
	EndGlobalSection
	GlobalSection(ExtensibilityGlobals) = postSolution
		SolutionGuid = {236DF117-6878-44AB-8936-1FC60F0C7F59}
	EndGlobalSection
EndGlobal
